Microsoft Visual Studio Solution File, Format Version 11.00
# Visual Studio 2008

Project("{84D89020-BBCC-07C7-40CD-0BAECAB25937}") = "TexasPokerClub(150330)", "Assembly-CSharp-vs.csproj", "{F17EAB7A-1E4C-3B5F-39A6-4FCD108743A9}"
EndProject
Project("{84D89020-BBCC-07C7-40CD-0BAECAB25937}") = "TexasPokerClub(150330)", "Assembly-CSharp-Editor-vs.csproj", "{B243138D-EDA2-3FA1-7F5F-4A289195E954}"
EndProject
Global
	GlobalSection(SolutionConfigurationPlatforms) = preSolution
		Debug|Any CPU = Debug|Any CPU
		Release|Any CPU = Release|Any CPU
	EndGlobalSection
	GlobalSection(ProjectConfigurationPlatforms) = postSolution
		{F17EAB7A-1E4C-3B5F-39A6-4FCD108743A9}.Debug|Any CPU.ActiveCfg = Debug|Any CPU
		{F17EAB7A-1E4C-3B5F-39A6-4FCD108743A9}.Debug|Any CPU.Build.0 = Debug|Any CPU
		{F17EAB7A-1E4C-3B5F-39A6-4FCD108743A9}.Release|Any CPU.ActiveCfg = Release|Any CPU
		{F17EAB7A-1E4C-3B5F-39A6-4FCD108743A9}.Release|Any CPU.Build.0 = Release|Any CPU
		{B243138D-EDA2-3FA1-7F5F-4A289195E954}.Debug|Any CPU.ActiveCfg = Debug|Any CPU
		{B243138D-EDA2-3FA1-7F5F-4A289195E954}.Debug|Any CPU.Build.0 = Debug|Any CPU
		{B243138D-EDA2-3FA1-7F5F-4A289195E954}.Release|Any CPU.ActiveCfg = Release|Any CPU
		{B243138D-EDA2-3FA1-7F5F-4A289195E954}.Release|Any CPU.Build.0 = Release|Any CPU
	EndGlobalSection
	GlobalSection(SolutionProperties) = preSolution
		HideSolutionNode = FALSE
	EndGlobalSection
							GlobalSection(MonoDevelopProperties) = preSolution
		StartupItem = Assembly-CSharp.csproj
		Policies = $0
		$0.TextStylePolicy = $1
		$1.inheritsSet = null
		$1.scope = text/x-csharp
		$0.CSharpFormattingPolicy = $2
		$2.inheritsSet = Mono
		$2.inheritsScope = text/x-csharp
		$2.scope = text/x-csharp
		$0.TextStylePolicy = $3
		$3.FileWidth = 120
		$3.TabWidth = 4
		$3.IndentWidth = 4
		$3.EolMarker = Unix
		$3.inheritsSet = Mono
		$3.inheritsScope = text/plain
		$3.scope = text/plain
	EndGlobalSection

EndGlobal
